
Microsoft Visual Studio Solution File, Format Version 12.00
# Visual Studio Version 17
VisualStudioVersion = 17.12.35506.116
MinimumVisualStudioVersion = 10.0.40219.1
Project("{FAE04EC0-301F-11D3-BF4B-00C04F79EFBC}") = "AvaloniaMvvmDesktopViewsFactory", "AvaloniaMvvmDesktopViewsFactory\AvaloniaMvvmDesktopViewsFactory.csproj", "{2BFB17E0-89A6-4661-A6C3-1C9F88742072}"
EndProject
Project("{FAE04EC0-301F-11D3-BF4B-00C04F79EFBC}") = "ViewsFactoryCommonTests", "ViewsFactoryCommonTests\ViewsFactoryCommonTests.csproj", "{5B0BA4A8-0A46-4263-9173-C1C6B9D17B15}"
EndProject
Project("{2150E333-8FDC-42A3-9474-1A3956D46DE8}") = "SolutionElements", "SolutionElements", "{2CB29519-9D01-42FC-BF42-A0056C95D61B}"
	ProjectSection(SolutionItems) = preProject
		LICENSE.txt = LICENSE.txt
		README.md = README.md
	EndProjectSection
EndProject
Project("{FAE04EC0-301F-11D3-BF4B-00C04F79EFBC}") = "NET8AvaloniaApplicationSample", "NET8AvaloniaApplicationSample\NET8AvaloniaApplicationSample.csproj", "{D87E7852-BD83-44B5-8ECB-0C50596104A2}"
EndProject
Project("{FAE04EC0-301F-11D3-BF4B-00C04F79EFBC}") = "AvaloniaAppWithCommunityToolkitNET8", "AvaloniaAppWithCommunityToolkitNET8\AvaloniaAppWithCommunityToolkitNET8.csproj", "{126B96B0-9707-40A4-9068-8615208DF33E}"
EndProject
Global
	GlobalSection(SolutionConfigurationPlatforms) = preSolution
		Debug|Any CPU = Debug|Any CPU
		Release|Any CPU = Release|Any CPU
	EndGlobalSection
	GlobalSection(ProjectConfigurationPlatforms) = postSolution
		{2BFB17E0-89A6-4661-A6C3-1C9F88742072}.Debug|Any CPU.ActiveCfg = Debug|Any CPU
		{2BFB17E0-89A6-4661-A6C3-1C9F88742072}.Debug|Any CPU.Build.0 = Debug|Any CPU
		{2BFB17E0-89A6-4661-A6C3-1C9F88742072}.Release|Any CPU.ActiveCfg = Release|Any CPU
		{2BFB17E0-89A6-4661-A6C3-1C9F88742072}.Release|Any CPU.Build.0 = Release|Any CPU
		{5B0BA4A8-0A46-4263-9173-C1C6B9D17B15}.Debug|Any CPU.ActiveCfg = Debug|Any CPU
		{5B0BA4A8-0A46-4263-9173-C1C6B9D17B15}.Debug|Any CPU.Build.0 = Debug|Any CPU
		{5B0BA4A8-0A46-4263-9173-C1C6B9D17B15}.Release|Any CPU.ActiveCfg = Release|Any CPU
		{5B0BA4A8-0A46-4263-9173-C1C6B9D17B15}.Release|Any CPU.Build.0 = Release|Any CPU
		{D87E7852-BD83-44B5-8ECB-0C50596104A2}.Debug|Any CPU.ActiveCfg = Debug|Any CPU
		{D87E7852-BD83-44B5-8ECB-0C50596104A2}.Debug|Any CPU.Build.0 = Debug|Any CPU
		{D87E7852-BD83-44B5-8ECB-0C50596104A2}.Release|Any CPU.ActiveCfg = Release|Any CPU
		{D87E7852-BD83-44B5-8ECB-0C50596104A2}.Release|Any CPU.Build.0 = Release|Any CPU
		{126B96B0-9707-40A4-9068-8615208DF33E}.Debug|Any CPU.ActiveCfg = Debug|Any CPU
		{126B96B0-9707-40A4-9068-8615208DF33E}.Debug|Any CPU.Build.0 = Debug|Any CPU
		{126B96B0-9707-40A4-9068-8615208DF33E}.Release|Any CPU.ActiveCfg = Release|Any CPU
		{126B96B0-9707-40A4-9068-8615208DF33E}.Release|Any CPU.Build.0 = Release|Any CPU
	EndGlobalSection
	GlobalSection(SolutionProperties) = preSolution
		HideSolutionNode = FALSE
	EndGlobalSection
	GlobalSection(ExtensibilityGlobals) = postSolution
		SolutionGuid = {ACFADE71-8578-43E2-A6B1-A8268A36E340}
	EndGlobalSection
EndGlobal
